
Microsoft Visual Studio Solution File, Format Version 12.00
# Visual Studio Version 16
VisualStudioVersion = 16.0.31515.178
MinimumVisualStudioVersion = 10.0.40219.1
Project("{FAE04EC0-301F-11D3-BF4B-00C04F79EFBC}") = "SQL Challenges", "SQL Challenges\SQL Challenges.csproj", "{840182D6-4A6A-4F2C-9B35-9504511A024C}"
EndProject
Global
	GlobalSection(SolutionConfigurationPlatforms) = preSolution
		Debug|Any CPU = Debug|Any CPU
		Release|Any CPU = Release|Any CPU
	EndGlobalSection
	GlobalSection(ProjectConfigurationPlatforms) = postSolution
		{840182D6-4A6A-4F2C-9B35-9504511A024C}.Debug|Any CPU.ActiveCfg = Debug|Any CPU
		{840182D6-4A6A-4F2C-9B35-9504511A024C}.Debug|Any CPU.Build.0 = Debug|Any CPU
		{840182D6-4A6A-4F2C-9B35-9504511A024C}.Release|Any CPU.ActiveCfg = Release|Any CPU
		{840182D6-4A6A-4F2C-9B35-9504511A024C}.Release|Any CPU.Build.0 = Release|Any CPU
	EndGlobalSection
	GlobalSection(SolutionProperties) = preSolution
		HideSolutionNode = FALSE
	EndGlobalSection
	GlobalSection(ExtensibilityGlobals) = postSolution
		SolutionGuid = {5067CE2C-3133-487A-9F7F-621C756F963F}
	EndGlobalSection
EndGlobal
